// !$*UTF8*$!
{
	archiveVersion = 1;
	classes = {
	};
	objectVersion = 46;
	objects = {

/* Begin PBXBuildFile section */
		4CE6CC6E1D684C64007073EA /* AppDelegate.swift in Sources */ = {isa = PBXBuildFile; fileRef = 4CE6CC6D1D684C64007073EA /* AppDelegate.swift */; };
		4CE6CC701D684C64007073EA /* RootViewController.swift in Sources */ = {isa = PBXBuildFile; fileRef = 4CE6CC6F1D684C64007073EA /* RootViewController.swift */; };
		4CE6CC721D684C64007073EA /* DataViewController.swift in Sources */ = {isa = PBXBuildFile; fileRef = 4CE6CC711D684C64007073EA /* DataViewController.swift */; };
		4CE6CC741D684C64007073EA /* ModelController.swift in Sources */ = {isa = PBXBuildFile; fileRef = 4CE6CC731D684C64007073EA /* ModelController.swift */; };
		4CE6CC771D684C64007073EA /* Main.storyboard in Resources */ = {isa = PBXBuildFile; fileRef = 4CE6CC751D684C64007073EA /* Main.storyboard */; };
		4CE6CC791D684C64007073EA /* Assets.xcassets in Resources */ = {isa = PBXBuildFile; fileRef = 4CE6CC781D684C64007073EA /* Assets.xcassets */; };
		4CE6CC7C1D684C64007073EA /* LaunchScreen.storyboard in Resources */ = {isa = PBXBuildFile; fileRef = 4CE6CC7A1D684C64007073EA /* LaunchScreen.storyboard */; };
		4CE6CC871D684C65007073EA /* SimpleProjectTests.swift in Sources */ = {isa = PBXBuildFile; fileRef = 4CE6CC861D684C65007073EA /* SimpleProjectTests.swift */; };
		4CE6CC921D684C65007073EA /* SimpleProjectUITests.swift in Sources */ = {isa = PBXBuildFile; fileRef = 4CE6CC911D684C65007073EA /* SimpleProjectUITests.swift */; };
/* End PBXBuildFile section */

/* Begin PBXContainerItemProxy section */
		4CE6CC831D684C64007073EA /* PBXContainerItemProxy */ = {
			isa = PBXContainerItemProxy;
			containerPortal = 4CE6CC621D684C64007073EA /* Project object */;
			proxyType = 1;
			remoteGlobalIDString = 4CE6CC691D684C64007073EA;
			remoteInfo = SimpleProject;
		};
		4CE6CC8E1D684C65007073EA /* PBXContainerItemProxy */ = {
			isa = PBXContainerItemProxy;
			containerPortal = 4CE6CC621D684C64007073EA /* Project object */;
			proxyType = 1;
			remoteGlobalIDString = 4CE6CC691D684C64007073EA;
			remoteInfo = SimpleProject;
		};
/* End PBXContainerItemProxy section */

/* Begin PBXFileReference section */
		4CE6CC6A1D684C64007073EA /* SimpleProject.app */ = {isa = PBXFileReference; explicitFileType = wrapper.application; includeInIndex = 0; path = SimpleProject.app; sourceTree = BUILT_PRODUCTS_DIR; };
		4CE6CC6D1D684C64007073EA /* AppDelegate.swift */ = {isa = PBXFileReference; lastKnownFileType = sourcecode.swift; path = AppDelegate.swift; sourceTree = "<group>"; };
		4CE6CC6F1D684C64007073EA /* RootViewController.swift */ = {isa = PBXFileReference; lastKnownFileType = sourcecode.swift; path = RootViewController.swift; sourceTree = "<group>"; };
		4CE6CC711D684C64007073EA /* DataViewController.swift */ = {isa = PBXFileReference; lastKnownFileType = sourcecode.swift; path = DataViewController.swift; sourceTree = "<group>"; };
		4CE6CC731D684C64007073EA /* ModelController.swift */ = {isa = PBXFileReference; lastKnownFileType = sourcecode.swift; path = ModelController.swift; sourceTree = "<group>"; };
		4CE6CC761D684C64007073EA /* Base */ = {isa = PBXFileReference; lastKnownFileType = file.storyboard; name = Base; path = Base.lproj/Main.storyboard; sourceTree = "<group>"; };
		4CE6CC781D684C64007073EA /* Assets.xcassets */ = {isa = PBXFileReference; lastKnownFileType = folder.assetcatalog; path = Assets.xcassets; sourceTree = "<group>"; };
		4CE6CC7B1D684C64007073EA /* Base */ = {isa = PBXFileReference; lastKnownFileType = file.storyboard; name = Base; path = Base.lproj/LaunchScreen.storyboard; sourceTree = "<group>"; };
		4CE6CC7D1D684C64007073EA /* Info.plist */ = {isa = PBXFileReference; lastKnownFileType = text.plist.xml; path = Info.plist; sourceTree = "<group>"; };
		4CE6CC821D684C64007073EA /* SimpleProjectTests.xctest */ = {isa = PBXFileReference; explicitFileType = wrapper.cfbundle; includeInIndex = 0; path = SimpleProjectTests.xctest; sourceTree = BUILT_PRODUCTS_DIR; };
		4CE6CC861D684C65007073EA /* SimpleProjectTests.swift */ = {isa = PBXFileReference; lastKnownFileType = sourcecode.swift; path = SimpleProjectTests.swift; sourceTree = "<group>"; };
		4CE6CC881D684C65007073EA /* Info.plist */ = {isa = PBXFileReference; lastKnownFileType = text.plist.xml; path = Info.plist; sourceTree = "<group>"; };
		4CE6CC8D1D684C65007073EA /* SimpleProjectUITests.xctest */ = {isa = PBXFileReference; explicitFileType = wrapper.cfbundle; includeInIndex = 0; path = SimpleProjectUITests.xctest; sourceTree = BUILT_PRODUCTS_DIR; };
		4CE6CC911D684C65007073EA /* SimpleProjectUITests.swift */ = {isa = PBXFileReference; lastKnownFileType = sourcecode.swift; path = SimpleProjectUITests.swift; sourceTree = "<group>"; };
		4CE6CC931D684C65007073EA /* Info.plist */ = {isa = PBXFileReference; lastKnownFileType = text.plist.xml; path = Info.plist; sourceTree = "<group>"; };
/* End PBXFileReference section */

/* Begin PBXFrameworksBuildPhase section */
		4CE6CC671D684C64007073EA /* Frameworks */ = {
			isa = PBXFrameworksBuildPhase;
			buildActionMask = 2147483647;
			files = (
			);
			runOnlyForDeploymentPostprocessing = 0;
		};
		4CE6CC7F1D684C64007073EA /* Frameworks */ = {
			isa = PBXFrameworksBuildPhase;
			buildActionMask = 2147483647;
			files = (
			);
			runOnlyForDeploymentPostprocessing = 0;
		};
		4CE6CC8A1D684C65007073EA /* Frameworks */ = {
			isa = PBXFrameworksBuildPhase;
			buildActionMask = 2147483647;
			files = (
			);
			runOnlyForDeploymentPostprocessing = 0;
		};
/* End PBXFrameworksBuildPhase section */

/* Begin PBXGroup section */
		4CE6CC611D684C64007073EA = {
			isa = PBXGroup;
			children = (
				4CE6CC6C1D684C64007073EA /* SimpleProject */,
				4CE6CC851D684C64007073EA /* SimpleProjectTests */,
				4CE6CC901D684C65007073EA /* SimpleProjectUITests */,
				4CE6CC6B1D684C64007073EA /* Products */,
			);
			sourceTree = "<group>";
		};
		4CE6CC6B1D684C64007073EA /* Products */ = {
			isa = PBXGroup;
			children = (
				4CE6CC6A1D684C64007073EA /* SimpleProject.app */,
				4CE6CC821D684C64007073EA /* SimpleProjectTests.xctest */,
				4CE6CC8D1D684C65007073EA /* SimpleProjectUITests.xctest */,
			);
			name = Products;
			sourceTree = "<group>";
		};
		4CE6CC6C1D684C64007073EA /* SimpleProject */ = {
			isa = PBXGroup;
			children = (
				4CE6CC6D1D684C64007073EA /* AppDelegate.swift */,
				4CE6CC6F1D684C64007073EA /* RootViewController.swift */,
				4CE6CC711D684C64007073EA /* DataViewController.swift */,
				4CE6CC731D684C64007073EA /* ModelController.swift */,
				4CE6CC751D684C64007073EA /* Main.storyboard */,
				4CE6CC781D684C64007073EA /* Assets.xcassets */,
				4CE6CC7A1D684C64007073EA /* LaunchScreen.storyboard */,
				4CE6CC7D1D684C64007073EA /* Info.plist */,
			);
			path = SimpleProject;
			sourceTree = "<group>";
		};
		4CE6CC851D684C64007073EA /* SimpleProjectTests */ = {
			isa = PBXGroup;
			children = (
				4CE6CC861D684C65007073EA /* SimpleProjectTests.swift */,
				4CE6CC881D684C65007073EA /* Info.plist */,
			);
			path = SimpleProjectTests;
			sourceTree = "<group>";
		};
		4CE6CC901D684C65007073EA /* SimpleProjectUITests */ = {
			isa = PBXGroup;
			children = (
				4CE6CC911D684C65007073EA /* SimpleProjectUITests.swift */,
				4CE6CC931D684C65007073EA /* Info.plist */,
			);
			path = SimpleProjectUITests;
			sourceTree = "<group>";
		};
/* End PBXGroup section */

/* Begin PBXNativeTarget section */
		4CE6CC691D684C64007073EA /* SimpleProject */ = {
			isa = PBXNativeTarget;
			buildConfigurationList = 4CE6CC961D684C65007073EA /* Build configuration list for PBXNativeTarget "SimpleProject" */;
			buildPhases = (
				4CE6CC661D684C64007073EA /* Sources */,
				4CE6CC671D684C64007073EA /* Frameworks */,
				4CE6CC681D684C64007073EA /* Resources */,
			);
			buildRules = (
			);
			dependencies = (
			);
			name = SimpleProject;
			productName = SimpleProject;
			productReference = 4CE6CC6A1D684C64007073EA /* SimpleProject.app */;
			productType = "com.apple.product-type.application";
		};
		4CE6CC811D684C64007073EA /* SimpleProjectTests */ = {
			isa = PBXNativeTarget;
			buildConfigurationList = 4CE6CC991D684C65007073EA /* Build configuration list for PBXNativeTarget "SimpleProjectTests" */;
			buildPhases = (
				4CE6CC7E1D684C64007073EA /* Sources */,
				4CE6CC7F1D684C64007073EA /* Frameworks */,
				4CE6CC801D684C64007073EA /* Resources */,
			);
			buildRules = (
			);
			dependencies = (
				4CE6CC841D684C64007073EA /* PBXTargetDependency */,
			);
			name = SimpleProjectTests;
			productName = SimpleProjectTests;
			productReference = 4CE6CC821D684C64007073EA /* SimpleProjectTests.xctest */;
			productType = "com.apple.product-type.bundle.unit-test";
		};
		4CE6CC8C1D684C65007073EA /* SimpleProjectUITests */ = {
			isa = PBXNativeTarget;
			buildConfigurationList = 4CE6CC9C1D684C65007073EA /* Build configuration list for PBXNativeTarget "SimpleProjectUITests" */;
			buildPhases = (
				4CE6CC891D684C65007073EA /* Sources */,
				4CE6CC8A1D684C65007073EA /* Frameworks */,
				4CE6CC8B1D684C65007073EA /* Resources */,
			);
			buildRules = (
			);
			dependencies = (
				4CE6CC8F1D684C65007073EA /* PBXTargetDependency */,
			);
			name = SimpleProjectUITests;
			productName = SimpleProjectUITests;
			productReference = 4CE6CC8D1D684C65007073EA /* SimpleProjectUITests.xctest */;
			productType = "com.apple.product-type.bundle.ui-testing";
		};
/* End PBXNativeTarget section */

/* Begin PBXProject section */
		4CE6CC621D684C64007073EA /* Project object */ = {
			isa = PBXProject;
			attributes = {
				LastSwiftUpdateCheck = 0730;
				LastUpgradeCheck = 0730;
				ORGANIZATIONNAME = Cathy;
				TargetAttributes = {
					4CE6CC691D684C64007073EA = {
						CreatedOnToolsVersion = 7.3.1;
					};
					4CE6CC811D684C64007073EA = {
						CreatedOnToolsVersion = 7.3.1;
						TestTargetID = 4CE6CC691D684C64007073EA;
					};
					4CE6CC8C1D684C65007073EA = {
						CreatedOnToolsVersion = 7.3.1;
						TestTargetID = 4CE6CC691D684C64007073EA;
					};
				};
			};
			buildConfigurationList = 4CE6CC651D684C64007073EA /* Build configuration list for PBXProject "SimpleProject" */;
			compatibilityVersion = "Xcode 3.2";
			developmentRegion = English;
			hasScannedForEncodings = 0;
			knownRegions = (
				en,
				Base,
			);
			mainGroup = 4CE6CC611D684C64007073EA;
			productRefGroup = 4CE6CC6B1D684C64007073EA /* Products */;
			projectDirPath = "";
			projectRoot = "";
			targets = (
				4CE6CC691D684C64007073EA /* SimpleProject */,
				4CE6CC811D684C64007073EA /* SimpleProjectTests */,
				4CE6CC8C1D684C65007073EA /* SimpleProjectUITests */,
			);
		};
/* End PBXProject section */

/* Begin PBXResourcesBuildPhase section */
		4CE6CC681D684C64007073EA /* Resources */ = {
			isa = PBXResourcesBuildPhase;
			buildActionMask = 2147483647;
			files = (
				4CE6CC7C1D684C64007073EA /* LaunchScreen.storyboard in Resources */,
				4CE6CC791D684C64007073EA /* Assets.xcassets in Resources */,
				4CE6CC771D684C64007073EA /* Main.storyboard in Resources */,
			);
			runOnlyForDeploymentPostprocessing = 0;
		};
		4CE6CC801D684C64007073EA /* Resources */ = {
			isa = PBXResourcesBuildPhase;
			buildActionMask = 2147483647;
			files = (
			);
			runOnlyForDeploymentPostprocessing = 0;
		};
		4CE6CC8B1D684C65007073EA /* Resources */ = {
			isa = PBXResourcesBuildPhase;
			buildActionMask = 2147483647;
			files = (
			);
			runOnlyForDeploymentPostprocessing = 0;
		};
/* End PBXResourcesBuildPhase section */

/* Begin PBXSourcesBuildPhase section */
		4CE6CC661D684C64007073EA /* Sources */ = {
			isa = PBXSourcesBuildPhase;
			buildActionMask = 2147483647;
			files = (
				4CE6CC701D684C64007073EA /* RootViewController.swift in Sources */,
				4CE6CC741D684C64007073EA /* ModelController.swift in Sources */,
				4CE6CC721D684C64007073EA /* DataViewController.swift in Sources */,
				4CE6CC6E1D684C64007073EA /* AppDelegate.swift in Sources */,
			);
			runOnlyForDeploymentPostprocessing = 0;
		};
		4CE6CC7E1D684C64007073EA /* Sources */ = {
			isa = PBXSourcesBuildPhase;
			buildActionMask = 2147483647;
			files = (
				4CE6CC871D684C65007073EA /* SimpleProjectTests.swift in Sources */,
			);
			runOnlyForDeploymentPostprocessing = 0;
		};
		4CE6CC891D684C65007073EA /* Sources */ = {
			isa = PBXSourcesBuildPhase;
			buildActionMask = 2147483647;
			files = (
				4CE6CC921D684C65007073EA /* SimpleProjectUITests.swift in Sources */,
			);
			runOnlyForDeploymentPostprocessing = 0;
		};
/* End PBXSourcesBuildPhase section */

/* Begin PBXTargetDependency section */
		4CE6CC841D684C64007073EA /* PBXTargetDependency */ = {
			isa = PBXTargetDependency;
			target = 4CE6CC691D684C64007073EA /* SimpleProject */;
			targetProxy = 4CE6CC831D684C64007073EA /* PBXContainerItemProxy */;
		};
		4CE6CC8F1D684C65007073EA /* PBXTargetDependency */ = {
			isa = PBXTargetDependency;
			target = 4CE6CC691D684C64007073EA /* SimpleProject */;
			targetProxy = 4CE6CC8E1D684C65007073EA /* PBXContainerItemProxy */;
		};
/* End PBXTargetDependency section */

/* Begin PBXVariantGroup section */
		4CE6CC751D684C64007073EA /* Main.storyboard */ = {
			isa = PBXVariantGroup;
			children = (
				4CE6CC761D684C64007073EA /* Base */,
			);
			name = Main.storyboard;
			sourceTree = "<group>";
		};
		4CE6CC7A1D684C64007073EA /* LaunchScreen.storyboard */ = {
			isa = PBXVariantGroup;
			children = (
				4CE6CC7B1D684C64007073EA /* Base */,
			);
			name = LaunchScreen.storyboard;
			sourceTree = "<group>";
		};
/* End PBXVariantGroup section */

/* Begin XCBuildConfiguration section */
		4CE6CC941D684C65007073EA /* Debug */ = {
			isa = XCBuildConfiguration;
			buildSettings = {
				ALWAYS_SEARCH_USER_PATHS = NO;
				CLANG_ANALYZER_NONNULL = YES;
				CLANG_CXX_LANGUAGE_STANDARD = "gnu++0x";
				CLANG_CXX_LIBRARY = "libc++";
				CLANG_ENABLE_MODULES = YES;
				CLANG_ENABLE_OBJC_ARC = YES;
				CLANG_WARN_BOOL_CONVERSION = YES;
				CLANG_WARN_CONSTANT_CONVERSION = YES;
				CLANG_WARN_DIRECT_OBJC_ISA_USAGE = YES_ERROR;
				CLANG_WARN_EMPTY_BODY = YES;
				CLANG_WARN_ENUM_CONVERSION = YES;
				CLANG_WARN_INT_CONVERSION = YES;
				CLANG_WARN_OBJC_ROOT_CLASS = YES_ERROR;
				CLANG_WARN_UNREACHABLE_CODE = YES;
				CLANG_WARN__DUPLICATE_METHOD_MATCH = YES;
				"CODE_SIGN_IDENTITY[sdk=iphoneos*]" = "iPhone Developer";
				COPY_PHASE_STRIP = NO;
				DEBUG_INFORMATION_FORMAT = dwarf;
				ENABLE_STRICT_OBJC_MSGSEND = YES;
				ENABLE_TESTABILITY = YES;
				GCC_C_LANGUAGE_STANDARD = gnu99;
				GCC_DYNAMIC_NO_PIC = NO;
				GCC_NO_COMMON_BLOCKS = YES;
				GCC_OPTIMIZATION_LEVEL = 0;
				GCC_PREPROCESSOR_DEFINITIONS = (
					"DEBUG=1",
					"$(inherited)",
				);
				GCC_WARN_64_TO_32_BIT_CONVERSION = YES;
				GCC_WARN_ABOUT_RETURN_TYPE = YES_ERROR;
				GCC_WARN_UNDECLARED_SELECTOR = YES;
				GCC_WARN_UNINITIALIZED_AUTOS = YES_AGGRESSIVE;
				GCC_WARN_UNUSED_FUNCTION = YES;
				GCC_WARN_UNUSED_VARIABLE = YES;
				IPHONEOS_DEPLOYMENT_TARGET = 9.3;
				MTL_ENABLE_DEBUG_INFO = YES;
				ONLY_ACTIVE_ARCH = YES;
				SDKROOT = iphoneos;
				SWIFT_OPTIMIZATION_LEVEL = "-Onone";
			};
			name = Debug;
		};
		4CE6CC951D684C65007073EA /* Release */ = {
			isa = XCBuildConfiguration;
			buildSettings = {
				ALWAYS_SEARCH_USER_PATHS = NO;
				CLANG_ANALYZER_NONNULL = YES;
				CLANG_CXX_LANGUAGE_STANDARD = "gnu++0x";
				CLANG_CXX_LIBRARY = "libc++";
				CLANG_ENABLE_MODULES = YES;
				CLANG_ENABLE_OBJC_ARC = YES;
				CLANG_WARN_BOOL_CONVERSION = YES;
				CLANG_WARN_CONSTANT_CONVERSION = YES;
				CLANG_WARN_DIRECT_OBJC_ISA_USAGE = YES_ERROR;
				CLANG_WARN_EMPTY_BODY = YES;
				CLANG_WARN_ENUM_CONVERSION = YES;
				CLANG_WARN_INT_CONVERSION = YES;
				CLANG_WARN_OBJC_ROOT_CLASS = YES_ERROR;
				CLANG_WARN_UNREACHABLE_CODE = YES;
				CLANG_WARN__DUPLICATE_METHOD_MATCH = YES;
				"CODE_SIGN_IDENTITY[sdk=iphoneos*]" = "iPhone Developer";
				COPY_PHASE_STRIP = NO;
				DEBUG_INFORMATION_FORMAT = "dwarf-with-dsym";
				ENABLE_NS_ASSERTIONS = NO;
				ENABLE_STRICT_OBJC_MSGSEND = YES;
				GCC_C_LANGUAGE_STANDARD = gnu99;
				GCC_NO_COMMON_BLOCKS = YES;
				GCC_WARN_64_TO_32_BIT_CONVERSION = YES;
				GCC_WARN_ABOUT_RETURN_TYPE = YES_ERROR;
				GCC_WARN_UNDECLARED_SELECTOR = YES;
				GCC_WARN_UNINITIALIZED_AUTOS = YES_AGGRESSIVE;
				GCC_WARN_UNUSED_FUNCTION = YES;
				GCC_WARN_UNUSED_VARIABLE = YES;
				IPHONEOS_DEPLOYMENT_TARGET = 9.3;
				MTL_ENABLE_DEBUG_INFO = NO;
				SDKROOT = iphoneos;
				VALIDATE_PRODUCT = YES;
			};
			name = Release;
		};
		4CE6CC971D684C65007073EA /* Debug */ = {
			isa = XCBuildConfiguration;
			buildSettings = {
				ASSETCATALOG_COMPILER_APPICON_NAME = AppIcon;
				INFOPLIST_FILE = SimpleProject/Info.plist;
				LD_RUNPATH_SEARCH_PATHS = "$(inherited) @executable_path/Frameworks";
				PRODUCT_BUNDLE_IDENTIFIER = Learning.SimpleProject;
				PRODUCT_NAME = "$(TARGET_NAME)";
			};
			name = Debug;
		};
		4CE6CC981D684C65007073EA /* Release */ = {
			isa = XCBuildConfiguration;
			buildSettings = {
				ASSETCATALOG_COMPILER_APPICON_NAME = AppIcon;
				INFOPLIST_FILE = SimpleProject/Info.plist;
				LD_RUNPATH_SEARCH_PATHS = "$(inherited) @executable_path/Frameworks";
				PRODUCT_BUNDLE_IDENTIFIER = Learning.SimpleProject;
				PRODUCT_NAME = "$(TARGET_NAME)";
			};
			name = Release;
		};
		4CE6CC9A1D684C65007073EA /* Debug */ = {
			isa = XCBuildConfiguration;
			buildSettings = {
				BUNDLE_LOADER = "$(TEST_HOST)";
				INFOPLIST_FILE = SimpleProjectTests/Info.plist;
				LD_RUNPATH_SEARCH_PATHS = "$(inherited) @executable_path/Frameworks @loader_path/Frameworks";
				PRODUCT_BUNDLE_IDENTIFIER = Learning.SimpleProjectTests;
				PRODUCT_NAME = "$(TARGET_NAME)";
				TEST_HOST = "$(BUILT_PRODUCTS_DIR)/SimpleProject.app/SimpleProject";
			};
			name = Debug;
		};
		4CE6CC9B1D684C65007073EA /* Release */ = {
			isa = XCBuildConfiguration;
			buildSettings = {
				BUNDLE_LOADER = "$(TEST_HOST)";
				INFOPLIST_FILE = SimpleProjectTests/Info.plist;
				LD_RUNPATH_SEARCH_PATHS = "$(inherited) @executable_path/Frameworks @loader_path/Frameworks";
				PRODUCT_BUNDLE_IDENTIFIER = Learning.SimpleProjectTests;
				PRODUCT_NAME = "$(TARGET_NAME)";
				TEST_HOST = "$(BUILT_PRODUCTS_DIR)/SimpleProject.app/SimpleProject";
			};
			name = Release;
		};
		4CE6CC9D1D684C65007073EA /* Debug */ = {
			isa = XCBuildConfiguration;
			buildSettings = {
				INFOPLIST_FILE = SimpleProjectUITests/Info.plist;
				LD_RUNPATH_SEARCH_PATHS = "$(inherited) @executable_path/Frameworks @loader_path/Frameworks";
				PRODUCT_BUNDLE_IDENTIFIER = Learning.SimpleProjectUITests;
				PRODUCT_NAME = "$(TARGET_NAME)";
				TEST_TARGET_NAME = SimpleProject;
			};
			name = Debug;
		};
		4CE6CC9E1D684C65007073EA /* Release */ = {
			isa = XCBuildConfiguration;
			buildSettings = {
				INFOPLIST_FILE = SimpleProjectUITests/Info.plist;
				LD_RUNPATH_SEARCH_PATHS = "$(inherited) @executable_path/Frameworks @loader_path/Frameworks";
				PRODUCT_BUNDLE_IDENTIFIER = Learning.SimpleProjectUITests;
				PRODUCT_NAME = "$(TARGET_NAME)";
				TEST_TARGET_NAME = SimpleProject;
			};
			name = Release;
		};
/* End XCBuildConfiguration section */

/* Begin XCConfigurationList section */
		4CE6CC651D684C64007073EA /* Build configuration list for PBXProject "SimpleProject" */ = {
			isa = XCConfigurationList;
			buildConfigurations = (
				4CE6CC941D684C65007073EA /* Debug */,
				4CE6CC951D684C65007073EA /* Release */,
			);
			defaultConfigurationIsVisible = 0;
			defaultConfigurationName = Release;
		};
		4CE6CC961D684C65007073EA /* Build configuration list for PBXNativeTarget "SimpleProject" */ = {
			isa = XCConfigurationList;
			buildConfigurations = (
				4CE6CC971D684C65007073EA /* Debug */,
				4CE6CC981D684C65007073EA /* Release */,
			);
			defaultConfigurationIsVisible = 0;
		};
		4CE6CC991D684C65007073EA /* Build configuration list for PBXNativeTarget "SimpleProjectTests" */ = {
			isa = XCConfigurationList;
			buildConfigurations = (
				4CE6CC9A1D684C65007073EA /* Debug */,
				4CE6CC9B1D684C65007073EA /* Release */,
			);
			defaultConfigurationIsVisible = 0;
		};
		4CE6CC9C1D684C65007073EA /* Build configuration list for PBXNativeTarget "SimpleProjectUITests" */ = {
			isa = XCConfigurationList;
			buildConfigurations = (
				4CE6CC9D1D684C65007073EA /* Debug */,
				4CE6CC9E1D684C65007073EA /* Release */,
			);
			defaultConfigurationIsVisible = 0;
		};
/* End XCConfigurationList section */
	};
	rootObject = 4CE6CC621D684C64007073EA /* Project object */;
}
